// !$*UTF8*$!
{
	archiveVersion = 1;
	classes = {
	};
	objectVersion = 46;
	objects = {

/* Begin PBXBuildFile section */
		41BC185C1CBF60EC00083130 /* main.m in Sources */ = {isa = PBXBuildFile; fileRef = 41BC185B1CBF60EC00083130 /* main.m */; };
		41BC185F1CBF60EC00083130 /* AppDelegate.m in Sources */ = {isa = PBXBuildFile; fileRef = 41BC185E1CBF60EC00083130 /* AppDelegate.m */; };
		41BC18621CBF60EC00083130 /* ViewController.m in Sources */ = {isa = PBXBuildFile; fileRef = 41BC18611CBF60EC00083130 /* ViewController.m */; };
		41BC18651CBF60EC00083130 /* Main.storyboard in Resources */ = {isa = PBXBuildFile; fileRef = 41BC18631CBF60EC00083130 /* Main.storyboard */; };
		41BC18671CBF60EC00083130 /* Assets.xcassets in Resources */ = {isa = PBXBuildFile; fileRef = 41BC18661CBF60EC00083130 /* Assets.xcassets */; };
		41BC186A1CBF60EC00083130 /* LaunchScreen.storyboard in Resources */ = {isa = PBXBuildFile; fileRef = 41BC18681CBF60EC00083130 /* LaunchScreen.storyboard */; };
		41BC18721CBF61BC00083130 /* CoreMotion.framework in Frameworks */ = {isa = PBXBuildFile; fileRef = 41BC18711CBF61BC00083130 /* CoreMotion.framework */; };
		41F2A6A71CC1847C005FF13C /* Fabric.framework in Frameworks */ = {isa = PBXBuildFile; fileRef = 41F2A6A51CC1847C005FF13C /* Fabric.framework */; };
		41F2A6A81CC1847C005FF13C /* Crashlytics.framework in Frameworks */ = {isa = PBXBuildFile; fileRef = 41F2A6A61CC1847C005FF13C /* Crashlytics.framework */; };
		41F5710F1CC02CC4009CB455 /* dog.jpg in Resources */ = {isa = PBXBuildFile; fileRef = 41F5710E1CC02CC4009CB455 /* dog.jpg */; };
/* End PBXBuildFile section */

/* Begin PBXFileReference section */
		41BC18571CBF60EC00083130 /* Accelerometer Demo.app */ = {isa = PBXFileReference; explicitFileType = wrapper.application; includeInIndex = 0; path = "Accelerometer Demo.app"; sourceTree = BUILT_PRODUCTS_DIR; };
		41BC185B1CBF60EC00083130 /* main.m */ = {isa = PBXFileReference; lastKnownFileType = sourcecode.c.objc; path = main.m; sourceTree = "<group>"; };
		41BC185D1CBF60EC00083130 /* AppDelegate.h */ = {isa = PBXFileReference; lastKnownFileType = sourcecode.c.h; path = AppDelegate.h; sourceTree = "<group>"; };
		41BC185E1CBF60EC00083130 /* AppDelegate.m */ = {isa = PBXFileReference; lastKnownFileType = sourcecode.c.objc; path = AppDelegate.m; sourceTree = "<group>"; };
		41BC18601CBF60EC00083130 /* ViewController.h */ = {isa = PBXFileReference; lastKnownFileType = sourcecode.c.h; path = ViewController.h; sourceTree = "<group>"; };
		41BC18611CBF60EC00083130 /* ViewController.m */ = {isa = PBXFileReference; lastKnownFileType = sourcecode.c.objc; path = ViewController.m; sourceTree = "<group>"; };
		41BC18641CBF60EC00083130 /* Base */ = {isa = PBXFileReference; lastKnownFileType = file.storyboard; name = Base; path = Base.lproj/Main.storyboard; sourceTree = "<group>"; };
		41BC18661CBF60EC00083130 /* Assets.xcassets */ = {isa = PBXFileReference; lastKnownFileType = folder.assetcatalog; path = Assets.xcassets; sourceTree = "<group>"; };
		41BC18691CBF60EC00083130 /* Base */ = {isa = PBXFileReference; lastKnownFileType = file.storyboard; name = Base; path = Base.lproj/LaunchScreen.storyboard; sourceTree = "<group>"; };
		41BC186B1CBF60EC00083130 /* Info.plist */ = {isa = PBXFileReference; lastKnownFileType = text.plist.xml; path = Info.plist; sourceTree = "<group>"; };
		41BC18711CBF61BC00083130 /* CoreMotion.framework */ = {isa = PBXFileReference; lastKnownFileType = wrapper.framework; name = CoreMotion.framework; path = System/Library/Frameworks/CoreMotion.framework; sourceTree = SDKROOT; };
		41F2A6A51CC1847C005FF13C /* Fabric.framework */ = {isa = PBXFileReference; lastKnownFileType = wrapper.framework; path = Fabric.framework; sourceTree = "<group>"; };
		41F2A6A61CC1847C005FF13C /* Crashlytics.framework */ = {isa = PBXFileReference; lastKnownFileType = wrapper.framework; path = Crashlytics.framework; sourceTree = "<group>"; };
		41F5710E1CC02CC4009CB455 /* dog.jpg */ = {isa = PBXFileReference; lastKnownFileType = image.jpeg; path = dog.jpg; sourceTree = "<group>"; };
/* End PBXFileReference section */

/* Begin PBXFrameworksBuildPhase section */
		41BC18541CBF60EC00083130 /* Frameworks */ = {
			isa = PBXFrameworksBuildPhase;
			buildActionMask = 2147483647;
			files = (
				41BC18721CBF61BC00083130 /* CoreMotion.framework in Frameworks */,
				41F2A6A81CC1847C005FF13C /* Crashlytics.framework in Frameworks */,
				41F2A6A71CC1847C005FF13C /* Fabric.framework in Frameworks */,
			);
			runOnlyForDeploymentPostprocessing = 0;
		};
/* End PBXFrameworksBuildPhase section */

/* Begin PBXGroup section */
		41BC184E1CBF60EC00083130 = {
			isa = PBXGroup;
			children = (
				41BC18711CBF61BC00083130 /* CoreMotion.framework */,
				41BC18591CBF60EC00083130 /* Accelerometer Demo */,
				41BC18581CBF60EC00083130 /* Products */,
				41F2A6A51CC1847C005FF13C /* Fabric.framework */,
				41F2A6A61CC1847C005FF13C /* Crashlytics.framework */,
			);
			sourceTree = "<group>";
		};
		41BC18581CBF60EC00083130 /* Products */ = {
			isa = PBXGroup;
			children = (
				41BC18571CBF60EC00083130 /* Accelerometer Demo.app */,
			);
			name = Products;
			sourceTree = "<group>";
		};
		41BC18591CBF60EC00083130 /* Accelerometer Demo */ = {
			isa = PBXGroup;
			children = (
				41BC185D1CBF60EC00083130 /* AppDelegate.h */,
				41BC185E1CBF60EC00083130 /* AppDelegate.m */,
				41BC18601CBF60EC00083130 /* ViewController.h */,
				41BC18611CBF60EC00083130 /* ViewController.m */,
				41BC18631CBF60EC00083130 /* Main.storyboard */,
				41BC18661CBF60EC00083130 /* Assets.xcassets */,
				41BC18681CBF60EC00083130 /* LaunchScreen.storyboard */,
				41BC186B1CBF60EC00083130 /* Info.plist */,
				41F5710E1CC02CC4009CB455 /* dog.jpg */,
				41BC185A1CBF60EC00083130 /* Supporting Files */,
			);
			path = "Accelerometer Demo";
			sourceTree = "<group>";
		};
		41BC185A1CBF60EC00083130 /* Supporting Files */ = {
			isa = PBXGroup;
			children = (
				41BC185B1CBF60EC00083130 /* main.m */,
			);
			name = "Supporting Files";
			sourceTree = "<group>";
		};
/* End PBXGroup section */

/* Begin PBXNativeTarget section */
		41BC18561CBF60EC00083130 /* Accelerometer Demo */ = {
			isa = PBXNativeTarget;
			buildConfigurationList = 41BC186E1CBF60EC00083130 /* Build configuration list for PBXNativeTarget "Accelerometer Demo" */;
			buildPhases = (
				41BC18531CBF60EC00083130 /* Sources */,
				41BC18541CBF60EC00083130 /* Frameworks */,
				41BC18551CBF60EC00083130 /* Resources */,
				41F2A6A41CC18437005FF13C /* ShellScript */,
			);
			buildRules = (
			);
			dependencies = (
			);
			name = "Accelerometer Demo";
			productName = "Accelerometer Demo";
			productReference = 41BC18571CBF60EC00083130 /* Accelerometer Demo.app */;
			productType = "com.apple.product-type.application";
		};
/* End PBXNativeTarget section */

/* Begin PBXProject section */
		41BC184F1CBF60EC00083130 /* Project object */ = {
			isa = PBXProject;
			attributes = {
				LastUpgradeCheck = 0730;
				ORGANIZATIONNAME = "Sebastian Badea";
				TargetAttributes = {
					41BC18561CBF60EC00083130 = {
						CreatedOnToolsVersion = 7.3;
					};
				};
			};
			buildConfigurationList = 41BC18521CBF60EC00083130 /* Build configuration list for PBXProject "Accelerometer Demo" */;
			compatibilityVersion = "Xcode 3.2";
			developmentRegion = English;
			hasScannedForEncodings = 0;
			knownRegions = (
				en,
				Base,
			);
			mainGroup = 41BC184E1CBF60EC00083130;
			productRefGroup = 41BC18581CBF60EC00083130 /* Products */;
			projectDirPath = "";
			projectRoot = "";
			targets = (
				41BC18561CBF60EC00083130 /* Accelerometer Demo */,
			);
		};
/* End PBXProject section */

/* Begin PBXResourcesBuildPhase section */
		41BC18551CBF60EC00083130 /* Resources */ = {
			isa = PBXResourcesBuildPhase;
			buildActionMask = 2147483647;
			files = (
				41F5710F1CC02CC4009CB455 /* dog.jpg in Resources */,
				41BC186A1CBF60EC00083130 /* LaunchScreen.storyboard in Resources */,
				41BC18671CBF60EC00083130 /* Assets.xcassets in Resources */,
				41BC18651CBF60EC00083130 /* Main.storyboard in Resources */,
			);
			runOnlyForDeploymentPostprocessing = 0;
		};
/* End PBXResourcesBuildPhase section */

/* Begin PBXShellScriptBuildPhase section */
		41F2A6A41CC18437005FF13C /* ShellScript */ = {
			isa = PBXShellScriptBuildPhase;
			buildActionMask = 2147483647;
			files = (
			);
			inputPaths = (
			);
			outputPaths = (
			);
			runOnlyForDeploymentPostprocessing = 0;
			shellPath = /bin/sh;
			shellScript = "./Fabric.framework/run 326924495c928c921e1a5b32ff937a1b8fa7d643 a0a12dbfd14489e1b7c52148805d8707bb1e974a642ee0d1e6edc4d982bfa21f";
		};
/* End PBXShellScriptBuildPhase section */

/* Begin PBXSourcesBuildPhase section */
		41BC18531CBF60EC00083130 /* Sources */ = {
			isa = PBXSourcesBuildPhase;
			buildActionMask = 2147483647;
			files = (
				41BC18621CBF60EC00083130 /* ViewController.m in Sources */,
				41BC185F1CBF60EC00083130 /* AppDelegate.m in Sources */,
				41BC185C1CBF60EC00083130 /* main.m in Sources */,
			);
			runOnlyForDeploymentPostprocessing = 0;
		};
/* End PBXSourcesBuildPhase section */

/* Begin PBXVariantGroup section */
		41BC18631CBF60EC00083130 /* Main.storyboard */ = {
			isa = PBXVariantGroup;
			children = (
				41BC18641CBF60EC00083130 /* Base */,
			);
			name = Main.storyboard;
			sourceTree = "<group>";
		};
		41BC18681CBF60EC00083130 /* LaunchScreen.storyboard */ = {
			isa = PBXVariantGroup;
			children = (
				41BC18691CBF60EC00083130 /* Base */,
			);
			name = LaunchScreen.storyboard;
			sourceTree = "<group>";
		};
/* End PBXVariantGroup section */

/* Begin XCBuildConfiguration section */
		41BC186C1CBF60EC00083130 /* Debug */ = {
			isa = XCBuildConfiguration;
			buildSettings = {
				ALWAYS_SEARCH_USER_PATHS = NO;
				CLANG_ANALYZER_NONNULL = YES;
				CLANG_CXX_LANGUAGE_STANDARD = "gnu++0x";
				CLANG_CXX_LIBRARY = "libc++";
				CLANG_ENABLE_MODULES = YES;
				CLANG_ENABLE_OBJC_ARC = YES;
				CLANG_WARN_BOOL_CONVERSION = YES;
				CLANG_WARN_CONSTANT_CONVERSION = YES;
				CLANG_WARN_DIRECT_OBJC_ISA_USAGE = YES_ERROR;
				CLANG_WARN_EMPTY_BODY = YES;
				CLANG_WARN_ENUM_CONVERSION = YES;
				CLANG_WARN_INT_CONVERSION = YES;
				CLANG_WARN_OBJC_ROOT_CLASS = YES_ERROR;
				CLANG_WARN_UNREACHABLE_CODE = YES;
				CLANG_WARN__DUPLICATE_METHOD_MATCH = YES;
				"CODE_SIGN_IDENTITY[sdk=iphoneos*]" = "iPhone Developer";
				COPY_PHASE_STRIP = NO;
				DEBUG_INFORMATION_FORMAT = dwarf;
				ENABLE_STRICT_OBJC_MSGSEND = YES;
				ENABLE_TESTABILITY = YES;
				GCC_C_LANGUAGE_STANDARD = gnu99;
				GCC_DYNAMIC_NO_PIC = NO;
				GCC_NO_COMMON_BLOCKS = YES;
				GCC_OPTIMIZATION_LEVEL = 0;
				GCC_PREPROCESSOR_DEFINITIONS = (
					"DEBUG=1",
					"$(inherited)",
				);
				GCC_WARN_64_TO_32_BIT_CONVERSION = YES;
				GCC_WARN_ABOUT_RETURN_TYPE = YES_ERROR;
				GCC_WARN_UNDECLARED_SELECTOR = YES;
				GCC_WARN_UNINITIALIZED_AUTOS = YES_AGGRESSIVE;
				GCC_WARN_UNUSED_FUNCTION = YES;
				GCC_WARN_UNUSED_VARIABLE = YES;
				IPHONEOS_DEPLOYMENT_TARGET = 9.3;
				MTL_ENABLE_DEBUG_INFO = YES;
				ONLY_ACTIVE_ARCH = YES;
				SDKROOT = iphoneos;
				TARGETED_DEVICE_FAMILY = "1,2";
			};
			name = Debug;
		};
		41BC186D1CBF60EC00083130 /* Release */ = {
			isa = XCBuildConfiguration;
			buildSettings = {
				ALWAYS_SEARCH_USER_PATHS = NO;
				CLANG_ANALYZER_NONNULL = YES;
				CLANG_CXX_LANGUAGE_STANDARD = "gnu++0x";
				CLANG_CXX_LIBRARY = "libc++";
				CLANG_ENABLE_MODULES = YES;
				CLANG_ENABLE_OBJC_ARC = YES;
				CLANG_WARN_BOOL_CONVERSION = YES;
				CLANG_WARN_CONSTANT_CONVERSION = YES;
				CLANG_WARN_DIRECT_OBJC_ISA_USAGE = YES_ERROR;
				CLANG_WARN_EMPTY_BODY = YES;
				CLANG_WARN_ENUM_CONVERSION = YES;
				CLANG_WARN_INT_CONVERSION = YES;
				CLANG_WARN_OBJC_ROOT_CLASS = YES_ERROR;
				CLANG_WARN_UNREACHABLE_CODE = YES;
				CLANG_WARN__DUPLICATE_METHOD_MATCH = YES;
				"CODE_SIGN_IDENTITY[sdk=iphoneos*]" = "iPhone Developer";
				COPY_PHASE_STRIP = NO;
				DEBUG_INFORMATION_FORMAT = "dwarf-with-dsym";
				ENABLE_NS_ASSERTIONS = NO;
				ENABLE_STRICT_OBJC_MSGSEND = YES;
				GCC_C_LANGUAGE_STANDARD = gnu99;
				GCC_NO_COMMON_BLOCKS = YES;
				GCC_WARN_64_TO_32_BIT_CONVERSION = YES;
				GCC_WARN_ABOUT_RETURN_TYPE = YES_ERROR;
				GCC_WARN_UNDECLARED_SELECTOR = YES;
				GCC_WARN_UNINITIALIZED_AUTOS = YES_AGGRESSIVE;
				GCC_WARN_UNUSED_FUNCTION = YES;
				GCC_WARN_UNUSED_VARIABLE = YES;
				IPHONEOS_DEPLOYMENT_TARGET = 9.3;
				MTL_ENABLE_DEBUG_INFO = NO;
				SDKROOT = iphoneos;
				TARGETED_DEVICE_FAMILY = "1,2";
				VALIDATE_PRODUCT = YES;
			};
			name = Release;
		};
		41BC186F1CBF60EC00083130 /* Debug */ = {
			isa = XCBuildConfiguration;
			buildSettings = {
				ASSETCATALOG_COMPILER_APPICON_NAME = AppIcon;
				FRAMEWORK_SEARCH_PATHS = (
					"$(inherited)",
					"$(PROJECT_DIR)",
				);
				INFOPLIST_FILE = "Accelerometer Demo/Info.plist";
				LD_RUNPATH_SEARCH_PATHS = "$(inherited) @executable_path/Frameworks";
				PRODUCT_BUNDLE_IDENTIFIER = "cat.sebasbad.Accelerometer-Demo";
				PRODUCT_NAME = "$(TARGET_NAME)";
			};
			name = Debug;
		};
		41BC18701CBF60EC00083130 /* Release */ = {
			isa = XCBuildConfiguration;
			buildSettings = {
				ASSETCATALOG_COMPILER_APPICON_NAME = AppIcon;
				FRAMEWORK_SEARCH_PATHS = (
					"$(inherited)",
					"$(PROJECT_DIR)",
				);
				INFOPLIST_FILE = "Accelerometer Demo/Info.plist";
				LD_RUNPATH_SEARCH_PATHS = "$(inherited) @executable_path/Frameworks";
				PRODUCT_BUNDLE_IDENTIFIER = "cat.sebasbad.Accelerometer-Demo";
				PRODUCT_NAME = "$(TARGET_NAME)";
			};
			name = Release;
		};
/* End XCBuildConfiguration section */

/* Begin XCConfigurationList section */
		41BC18521CBF60EC00083130 /* Build configuration list for PBXProject "Accelerometer Demo" */ = {
			isa = XCConfigurationList;
			buildConfigurations = (
				41BC186C1CBF60EC00083130 /* Debug */,
				41BC186D1CBF60EC00083130 /* Release */,
			);
			defaultConfigurationIsVisible = 0;
			defaultConfigurationName = Release;
		};
		41BC186E1CBF60EC00083130 /* Build configuration list for PBXNativeTarget "Accelerometer Demo" */ = {
			isa = XCConfigurationList;
			buildConfigurations = (
				41BC186F1CBF60EC00083130 /* Debug */,
				41BC18701CBF60EC00083130 /* Release */,
			);
			defaultConfigurationIsVisible = 0;
			defaultConfigurationName = Release;
		};
/* End XCConfigurationList section */
	};
	rootObject = 41BC184F1CBF60EC00083130 /* Project object */;
}
